
Microsoft Visual Studio Solution File, Format Version 12.00
# Visual Studio 14
VisualStudioVersion = 14.0.24720.0
MinimumVisualStudioVersion = 10.0.40219.1
Project("{8BC9CEB8-8B4A-11D0-8D11-00A0C91BC942}") = "1002 - 알고리즘, 포인터 수행 연습", "1002 - 알고리즘, 포인터 수행 연습\1002 - 알고리즘, 포인터 수행 연습.vcxproj", "{74DC4A96-15B8-4922-8349-8331546EDB69}"
EndProject
Global
	GlobalSection(SolutionConfigurationPlatforms) = preSolution
		Debug|x64 = Debug|x64
		Debug|x86 = Debug|x86
		Release|x64 = Release|x64
		Release|x86 = Release|x86
	EndGlobalSection
	GlobalSection(ProjectConfigurationPlatforms) = postSolution
		{74DC4A96-15B8-4922-8349-8331546EDB69}.Debug|x64.ActiveCfg = Debug|x64
		{74DC4A96-15B8-4922-8349-8331546EDB69}.Debug|x64.Build.0 = Debug|x64
		{74DC4A96-15B8-4922-8349-8331546EDB69}.Debug|x86.ActiveCfg = Debug|Win32
		{74DC4A96-15B8-4922-8349-8331546EDB69}.Debug|x86.Build.0 = Debug|Win32
		{74DC4A96-15B8-4922-8349-8331546EDB69}.Release|x64.ActiveCfg = Release|x64
		{74DC4A96-15B8-4922-8349-8331546EDB69}.Release|x64.Build.0 = Release|x64
		{74DC4A96-15B8-4922-8349-8331546EDB69}.Release|x86.ActiveCfg = Release|Win32
		{74DC4A96-15B8-4922-8349-8331546EDB69}.Release|x86.Build.0 = Release|Win32
	EndGlobalSection
	GlobalSection(SolutionProperties) = preSolution
		HideSolutionNode = FALSE
	EndGlobalSection
EndGlobal
